
Microsoft Visual Studio Solution File, Format Version 12.00
# Visual Studio 15
VisualStudioVersion = 15.0.28307.136
MinimumVisualStudioVersion = 10.0.40219.1
Project("{159641D6-6404-4A2A-AE62-294DE0FE8301}") = "Integration Services Project BankAccount", "Integration Services Project BankAccount\Integration Services Project BankAccount.dtproj", "{A6F22E93-0C84-4F14-8378-17E67E8F32B3}"
EndProject
Global
	GlobalSection(SolutionConfigurationPlatforms) = preSolution
		Development|Default = Development|Default
	EndGlobalSection
	GlobalSection(ProjectConfigurationPlatforms) = postSolution
		{A6F22E93-0C84-4F14-8378-17E67E8F32B3}.Development|Default.ActiveCfg = Development
		{A6F22E93-0C84-4F14-8378-17E67E8F32B3}.Development|Default.Build.0 = Development
	EndGlobalSection
	GlobalSection(SolutionProperties) = preSolution
		HideSolutionNode = FALSE
	EndGlobalSection
	GlobalSection(ExtensibilityGlobals) = postSolution
		SolutionGuid = {6FD5CEA1-014A-491A-A7CD-C5996D3AA3D6}
	EndGlobalSection
EndGlobal
